
Microsoft Visual Studio Solution File, Format Version 12.00
# Visual Studio Version 16
VisualStudioVersion = 16.0.32510.428
MinimumVisualStudioVersion = 10.0.40219.1
Project("{FAE04EC0-301F-11D3-BF4B-00C04F79EFBC}") = "ChuongTrinhThiTN", "DangNhap\ChuongTrinhThiTN.csproj", "{6E4DD6A6-6486-4237-B7B2-3DD52E5B28FF}"
EndProject
Global
	GlobalSection(SolutionConfigurationPlatforms) = preSolution
		Debug|Any CPU = Debug|Any CPU
		Release|Any CPU = Release|Any CPU
	EndGlobalSection
	GlobalSection(ProjectConfigurationPlatforms) = postSolution
		{6E4DD6A6-6486-4237-B7B2-3DD52E5B28FF}.Debug|Any CPU.ActiveCfg = Debug|Any CPU
		{6E4DD6A6-6486-4237-B7B2-3DD52E5B28FF}.Debug|Any CPU.Build.0 = Debug|Any CPU
		{6E4DD6A6-6486-4237-B7B2-3DD52E5B28FF}.Release|Any CPU.ActiveCfg = Release|Any CPU
		{6E4DD6A6-6486-4237-B7B2-3DD52E5B28FF}.Release|Any CPU.Build.0 = Release|Any CPU
	EndGlobalSection
	GlobalSection(SolutionProperties) = preSolution
		HideSolutionNode = FALSE
	EndGlobalSection
	GlobalSection(ExtensibilityGlobals) = postSolution
		SolutionGuid = {232F48A4-C136-4DB1-A018-BD8369252936}
	EndGlobalSection
EndGlobal
